{
  "name": "ai-healthtech-hackathon",
  "version": "0.1.0",
  "lockfileVersion": 3,
  "requires": true,
  "packages": {
    "": {
      "name": "ai-healthtech-hackathon",
      "version": "0.1.0",
      "dependencies": {
        "@runware/sdk": "^1.6.7",
        "dotenv": "^16.4.7"
      }
    },
    "node_modules/@runware/sdk": {
      "version": "1.6.7",
      "resolved": "https://registry.npmjs.org/@runware/sdk/-/sdk-1.6.7.tgz",
      "integrity": "sha512-YwxQ7/t3etBeLpZM08UCnmbYLLcIrHzJDxdt2ZmbOArVVTXJCDSYyY1fcHrLKxhG9YuxHHPx8MmJS9G0fFALew==",
      "license": "MIT",
      "engines": {
        "node": ">=18"
      },
      "peerDependencies": {
        "ajv": "^8.0.0",
        "ws": "latest"
      },
      "peerDependenciesMeta": {
        "ajv": {
          "optional": true
        },
        "ws": {
          "optional": true
        }
      }
    },
    "node_modules/dotenv": {
      "version": "16.6.1",
      "resolved": "https://registry.npmjs.org/dotenv/-/dotenv-16.6.1.tgz",
      "integrity": "sha512-uBq4egWHTcTt33a72vpSG0z3HnPuIl6NqYcTrKEg2azoEyl2hpW0zqlxysq2pK9HlDIHyHyakeYaYnSAwd8bow==",
      "engines": {
        "node": ">=12"
      },
      "funding": {
        "url": "https://dotenvx.com"
      }
    }
  }
}
